
Microsoft Visual Studio Solution File, Format Version 12.00
# Visual Studio Version 16
VisualStudioVersion = 16.0.31515.178
MinimumVisualStudioVersion = 10.0.40219.1
Project("{9A19103F-16F7-4668-BE54-9A1E7A4F7556}") = "Dataverse.Api", "Dataverse.Api.csproj", "{D2752701-4E63-43DB-B9B1-C794FBE9A77F}"
EndProject
Project("{9A19103F-16F7-4668-BE54-9A1E7A4F7556}") = "ConsolTester", "..\ConsolTester\ConsolTester.csproj", "{F281E627-86D9-4FA9-B8D7-2DC7455B6CF7}"
EndProject
Project("{9A19103F-16F7-4668-BE54-9A1E7A4F7556}") = "Dataverse.Api.Abstractions", "..\Dataverse.Api.Abstractions\Dataverse.Api.Abstractions.csproj", "{8281ED94-5D64-431F-9773-C673609C175A}"
EndProject
Project("{FAE04EC0-301F-11D3-BF4B-00C04F79EFBC}") = "Dataverse.Api.Abstractions.EntityGet", "..\Dataverse.Api.Abstractions.EntityGet\Dataverse.Api.Abstractions.EntityGet.csproj", "{EE686019-C2BB-4CF7-A227-F78D2C2B8CA3}"
EndProject
Project("{FAE04EC0-301F-11D3-BF4B-00C04F79EFBC}") = "Dataverse.Api.Abstractions.EntitySetGet", "..\Dataverse.Api.Abstractions.EntitySetGet\Dataverse.Api.Abstractions.EntitySetGet.csproj", "{316DF5CE-0F8C-401C-8641-0F172539DCA2}"
EndProject
Global
	GlobalSection(SolutionConfigurationPlatforms) = preSolution
		Debug|Any CPU = Debug|Any CPU
		Release|Any CPU = Release|Any CPU
	EndGlobalSection
	GlobalSection(ProjectConfigurationPlatforms) = postSolution
		{D2752701-4E63-43DB-B9B1-C794FBE9A77F}.Debug|Any CPU.ActiveCfg = Debug|Any CPU
		{D2752701-4E63-43DB-B9B1-C794FBE9A77F}.Debug|Any CPU.Build.0 = Debug|Any CPU
		{D2752701-4E63-43DB-B9B1-C794FBE9A77F}.Release|Any CPU.ActiveCfg = Release|Any CPU
		{D2752701-4E63-43DB-B9B1-C794FBE9A77F}.Release|Any CPU.Build.0 = Release|Any CPU
		{F281E627-86D9-4FA9-B8D7-2DC7455B6CF7}.Debug|Any CPU.ActiveCfg = Debug|Any CPU
		{F281E627-86D9-4FA9-B8D7-2DC7455B6CF7}.Debug|Any CPU.Build.0 = Debug|Any CPU
		{F281E627-86D9-4FA9-B8D7-2DC7455B6CF7}.Release|Any CPU.ActiveCfg = Release|Any CPU
		{F281E627-86D9-4FA9-B8D7-2DC7455B6CF7}.Release|Any CPU.Build.0 = Release|Any CPU
		{8281ED94-5D64-431F-9773-C673609C175A}.Debug|Any CPU.ActiveCfg = Debug|Any CPU
		{8281ED94-5D64-431F-9773-C673609C175A}.Debug|Any CPU.Build.0 = Debug|Any CPU
		{8281ED94-5D64-431F-9773-C673609C175A}.Release|Any CPU.ActiveCfg = Release|Any CPU
		{8281ED94-5D64-431F-9773-C673609C175A}.Release|Any CPU.Build.0 = Release|Any CPU
		{EE686019-C2BB-4CF7-A227-F78D2C2B8CA3}.Debug|Any CPU.ActiveCfg = Debug|Any CPU
		{EE686019-C2BB-4CF7-A227-F78D2C2B8CA3}.Debug|Any CPU.Build.0 = Debug|Any CPU
		{EE686019-C2BB-4CF7-A227-F78D2C2B8CA3}.Release|Any CPU.ActiveCfg = Release|Any CPU
		{EE686019-C2BB-4CF7-A227-F78D2C2B8CA3}.Release|Any CPU.Build.0 = Release|Any CPU
		{316DF5CE-0F8C-401C-8641-0F172539DCA2}.Debug|Any CPU.ActiveCfg = Debug|Any CPU
		{316DF5CE-0F8C-401C-8641-0F172539DCA2}.Debug|Any CPU.Build.0 = Debug|Any CPU
		{316DF5CE-0F8C-401C-8641-0F172539DCA2}.Release|Any CPU.ActiveCfg = Release|Any CPU
		{316DF5CE-0F8C-401C-8641-0F172539DCA2}.Release|Any CPU.Build.0 = Release|Any CPU
	EndGlobalSection
	GlobalSection(SolutionProperties) = preSolution
		HideSolutionNode = FALSE
	EndGlobalSection
	GlobalSection(ExtensibilityGlobals) = postSolution
		SolutionGuid = {38976E40-6ED5-4806-A89B-DAC9ADF8883A}
	EndGlobalSection
EndGlobal
