
Microsoft Visual Studio Solution File, Format Version 12.00
# Visual Studio Version 17
VisualStudioVersion = 17.0.31903.59
MinimumVisualStudioVersion = 10.0.40219.1
Project("{2150E333-8FDC-42A3-9474-1A3956D46DE8}") = "api", "api", "{934945D0-F542-4DC9-94E7-27F59949329E}"
EndProject
Project("{FAE04EC0-301F-11D3-BF4B-00C04F79EFBC}") = "Api", "api\Api\Api.csproj", "{78683BE7-E87B-4C7A-877E-F59667344E68}"
EndProject
Project("{FAE04EC0-301F-11D3-BF4B-00C04F79EFBC}") = "Api.Test", "api\Api.Test\Api.Test.csproj", "{BB85E6BF-7113-4AD9-BC8A-5888B1D3B852}"
EndProject
Project("{2150E333-8FDC-42A3-9474-1A3956D46DE8}") = "api-abstractions", "api-abstractions", "{228C2466-F9EC-4C0F-A39F-2E41571C0209}"
EndProject
Project("{FAE04EC0-301F-11D3-BF4B-00C04F79EFBC}") = "Api.Abstractions", "api-abstractions\Api.Abstractions\Api.Abstractions.csproj", "{0E266740-ADA0-42F8-829D-BEBC57B02DC4}"
EndProject
Project("{FAE04EC0-301F-11D3-BF4B-00C04F79EFBC}") = "Api.Abstractions.EntityCreate", "api-abstractions\Api.Abstractions.EntityCreate\Api.Abstractions.EntityCreate.csproj", "{3CBA6D6B-2738-4AB1-BE4D-1C6B760D6631}"
EndProject
Project("{FAE04EC0-301F-11D3-BF4B-00C04F79EFBC}") = "Api.Abstractions.EntityDelete", "api-abstractions\Api.Abstractions.EntityDelete\Api.Abstractions.EntityDelete.csproj", "{479FFC2B-550E-448C-9F8A-70A19EE22F30}"
EndProject
Project("{FAE04EC0-301F-11D3-BF4B-00C04F79EFBC}") = "Api.Abstractions.EntityGet", "api-abstractions\Api.Abstractions.EntityGet\Api.Abstractions.EntityGet.csproj", "{F51476BD-5EC8-485B-AE0D-91AD0E07A3D2}"
EndProject
Project("{FAE04EC0-301F-11D3-BF4B-00C04F79EFBC}") = "Api.Abstractions.EntitySetGet", "api-abstractions\Api.Abstractions.EntitySetGet\Api.Abstractions.EntitySetGet.csproj", "{B71F35CD-06E6-47A1-A643-C2A75509F050}"
EndProject
Project("{FAE04EC0-301F-11D3-BF4B-00C04F79EFBC}") = "Api.Abstractions.EntityUpdate", "api-abstractions\Api.Abstractions.EntityUpdate\Api.Abstractions.EntityUpdate.csproj", "{D6C0DC9C-C2BC-4648-850D-E855F6FEB381}"
EndProject
Project("{FAE04EC0-301F-11D3-BF4B-00C04F79EFBC}") = "Api.Abstractions.Impersonate", "api-abstractions\Api.Abstractions.Impersonate\Api.Abstractions.Impersonate.csproj", "{6A765C37-3B89-45B0-AEA1-4D8B42D13F8A}"
EndProject
Project("{FAE04EC0-301F-11D3-BF4B-00C04F79EFBC}") = "Api.Abstractions.Search", "api-abstractions\Api.Abstractions.Search\Api.Abstractions.Search.csproj", "{0A8E22B5-1151-42D6-BC29-22D4430BDDA8}"
EndProject
Project("{FAE04EC0-301F-11D3-BF4B-00C04F79EFBC}") = "Api.Abstractions.WhoAmI", "api-abstractions\Api.Abstractions.WhoAmI\Api.Abstractions.WhoAmI.csproj", "{0BA741D8-8765-4079-A8A9-B0EC6DB146D8}"
EndProject
Project("{2150E333-8FDC-42A3-9474-1A3956D46DE8}") = "api-core", "api-core", "{6FDF12B8-636E-4707-A8A9-E418BDB1EC28}"
EndProject
Project("{FAE04EC0-301F-11D3-BF4B-00C04F79EFBC}") = "Api.Core.EntityKey", "api-core\Api.Core.EntityKey\Api.Core.EntityKey.csproj", "{36B655B3-14FA-481F-AA41-77D5779F9BE3}"
EndProject
Project("{FAE04EC0-301F-11D3-BF4B-00C04F79EFBC}") = "Api.Core.EntityKey.Test", "api-core\Api.Core.EntityKey.Test\Api.Core.EntityKey.Test.csproj", "{380BBF61-AA27-44E9-BDFC-FA544CE1C59F}"
EndProject
Project("{FAE04EC0-301F-11D3-BF4B-00C04F79EFBC}") = "Api.Core.ExpandedField", "api-core\Api.Core.ExpandedField\Api.Core.ExpandedField.csproj", "{E5A29788-B68B-4450-8301-AB1AB0DBB5E4}"
EndProject
Project("{FAE04EC0-301F-11D3-BF4B-00C04F79EFBC}") = "Api.Core.FailureCode", "api-core\Api.Core.FailureCode\Api.Core.FailureCode.csproj", "{3B3EAA98-09CD-416E-A12C-3B71DAD66A75}"
EndProject
Project("{2150E333-8FDC-42A3-9474-1A3956D46DE8}") = "api-impersonation", "api-impersonation", "{CC304FA9-6862-4341-BF33-827F8DA796A0}"
EndProject
Project("{FAE04EC0-301F-11D3-BF4B-00C04F79EFBC}") = "Api.Impersonation", "api-impersonation\Api.Impersonation\Api.Impersonation.csproj", "{09471DF1-5A91-489B-8E8A-5F1121E02F88}"
EndProject
Project("{FAE04EC0-301F-11D3-BF4B-00C04F79EFBC}") = "Api.Impersonation.Test", "api-impersonation\Api.Impersonation.Test\Api.Impersonation.Test.csproj", "{F8D9D1C8-0220-4382-AC47-33F024DC988B}"
EndProject
Project("{2150E333-8FDC-42A3-9474-1A3956D46DE8}") = ".sln", ".sln", "{FEEC3869-B9C3-4832-8102-1FE282901788}"
	ProjectSection(SolutionItems) = preProject
		Directory.Build.props = Directory.Build.props
		..\.github\workflows\dotnet.yml = ..\.github\workflows\dotnet.yml
	EndProjectSection
EndProject
Project("{FAE04EC0-301F-11D3-BF4B-00C04F79EFBC}") = "Api.Abstractions.EmailSend", "api-abstractions\Api.Abstractions.EmailSend\Api.Abstractions.EmailSend.csproj", "{68E6B859-4124-4419-AFA0-1EB73B149F0B}"
EndProject
Project("{FAE04EC0-301F-11D3-BF4B-00C04F79EFBC}") = "Api.Abstractions.FetchXml", "api-abstractions\Api.Abstractions.FetchXml\Api.Abstractions.FetchXml.csproj", "{E04EB511-0DBE-428D-ABD4-84A994ACC15F}"
EndProject
Project("{FAE04EC0-301F-11D3-BF4B-00C04F79EFBC}") = "Api.Core.Transaction", "api-core\Api.Core.Transaction\Api.Core.Transaction.csproj", "{035E41F8-1EE6-46E9-9EBE-289E9003DA00}"
EndProject
Project("{FAE04EC0-301F-11D3-BF4B-00C04F79EFBC}") = "Api.Abstractions.ChangeSetExecute", "api-abstractions\Api.Abstractions.ChangeSetExecute\Api.Abstractions.ChangeSetExecute.csproj", "{9CE871C0-00DD-46F7-A5D7-481E80131A25}"
EndProject
Global
	GlobalSection(SolutionConfigurationPlatforms) = preSolution
		Debug|Any CPU = Debug|Any CPU
		Release|Any CPU = Release|Any CPU
	EndGlobalSection
	GlobalSection(ProjectConfigurationPlatforms) = postSolution
		{78683BE7-E87B-4C7A-877E-F59667344E68}.Debug|Any CPU.ActiveCfg = Debug|Any CPU
		{78683BE7-E87B-4C7A-877E-F59667344E68}.Debug|Any CPU.Build.0 = Debug|Any CPU
		{78683BE7-E87B-4C7A-877E-F59667344E68}.Release|Any CPU.ActiveCfg = Release|Any CPU
		{78683BE7-E87B-4C7A-877E-F59667344E68}.Release|Any CPU.Build.0 = Release|Any CPU
		{BB85E6BF-7113-4AD9-BC8A-5888B1D3B852}.Debug|Any CPU.ActiveCfg = Debug|Any CPU
		{BB85E6BF-7113-4AD9-BC8A-5888B1D3B852}.Debug|Any CPU.Build.0 = Debug|Any CPU
		{BB85E6BF-7113-4AD9-BC8A-5888B1D3B852}.Release|Any CPU.ActiveCfg = Release|Any CPU
		{BB85E6BF-7113-4AD9-BC8A-5888B1D3B852}.Release|Any CPU.Build.0 = Release|Any CPU
		{0E266740-ADA0-42F8-829D-BEBC57B02DC4}.Debug|Any CPU.ActiveCfg = Debug|Any CPU
		{0E266740-ADA0-42F8-829D-BEBC57B02DC4}.Debug|Any CPU.Build.0 = Debug|Any CPU
		{0E266740-ADA0-42F8-829D-BEBC57B02DC4}.Release|Any CPU.ActiveCfg = Release|Any CPU
		{0E266740-ADA0-42F8-829D-BEBC57B02DC4}.Release|Any CPU.Build.0 = Release|Any CPU
		{3CBA6D6B-2738-4AB1-BE4D-1C6B760D6631}.Debug|Any CPU.ActiveCfg = Debug|Any CPU
		{3CBA6D6B-2738-4AB1-BE4D-1C6B760D6631}.Debug|Any CPU.Build.0 = Debug|Any CPU
		{3CBA6D6B-2738-4AB1-BE4D-1C6B760D6631}.Release|Any CPU.ActiveCfg = Release|Any CPU
		{3CBA6D6B-2738-4AB1-BE4D-1C6B760D6631}.Release|Any CPU.Build.0 = Release|Any CPU
		{479FFC2B-550E-448C-9F8A-70A19EE22F30}.Debug|Any CPU.ActiveCfg = Debug|Any CPU
		{479FFC2B-550E-448C-9F8A-70A19EE22F30}.Debug|Any CPU.Build.0 = Debug|Any CPU
		{479FFC2B-550E-448C-9F8A-70A19EE22F30}.Release|Any CPU.ActiveCfg = Release|Any CPU
		{479FFC2B-550E-448C-9F8A-70A19EE22F30}.Release|Any CPU.Build.0 = Release|Any CPU
		{F51476BD-5EC8-485B-AE0D-91AD0E07A3D2}.Debug|Any CPU.ActiveCfg = Debug|Any CPU
		{F51476BD-5EC8-485B-AE0D-91AD0E07A3D2}.Debug|Any CPU.Build.0 = Debug|Any CPU
		{F51476BD-5EC8-485B-AE0D-91AD0E07A3D2}.Release|Any CPU.ActiveCfg = Release|Any CPU
		{F51476BD-5EC8-485B-AE0D-91AD0E07A3D2}.Release|Any CPU.Build.0 = Release|Any CPU
		{B71F35CD-06E6-47A1-A643-C2A75509F050}.Debug|Any CPU.ActiveCfg = Debug|Any CPU
		{B71F35CD-06E6-47A1-A643-C2A75509F050}.Debug|Any CPU.Build.0 = Debug|Any CPU
		{B71F35CD-06E6-47A1-A643-C2A75509F050}.Release|Any CPU.ActiveCfg = Release|Any CPU
		{B71F35CD-06E6-47A1-A643-C2A75509F050}.Release|Any CPU.Build.0 = Release|Any CPU
		{D6C0DC9C-C2BC-4648-850D-E855F6FEB381}.Debug|Any CPU.ActiveCfg = Debug|Any CPU
		{D6C0DC9C-C2BC-4648-850D-E855F6FEB381}.Debug|Any CPU.Build.0 = Debug|Any CPU
		{D6C0DC9C-C2BC-4648-850D-E855F6FEB381}.Release|Any CPU.ActiveCfg = Release|Any CPU
		{D6C0DC9C-C2BC-4648-850D-E855F6FEB381}.Release|Any CPU.Build.0 = Release|Any CPU
		{6A765C37-3B89-45B0-AEA1-4D8B42D13F8A}.Debug|Any CPU.ActiveCfg = Debug|Any CPU
		{6A765C37-3B89-45B0-AEA1-4D8B42D13F8A}.Debug|Any CPU.Build.0 = Debug|Any CPU
		{6A765C37-3B89-45B0-AEA1-4D8B42D13F8A}.Release|Any CPU.ActiveCfg = Release|Any CPU
		{6A765C37-3B89-45B0-AEA1-4D8B42D13F8A}.Release|Any CPU.Build.0 = Release|Any CPU
		{0A8E22B5-1151-42D6-BC29-22D4430BDDA8}.Debug|Any CPU.ActiveCfg = Debug|Any CPU
		{0A8E22B5-1151-42D6-BC29-22D4430BDDA8}.Debug|Any CPU.Build.0 = Debug|Any CPU
		{0A8E22B5-1151-42D6-BC29-22D4430BDDA8}.Release|Any CPU.ActiveCfg = Release|Any CPU
		{0A8E22B5-1151-42D6-BC29-22D4430BDDA8}.Release|Any CPU.Build.0 = Release|Any CPU
		{0BA741D8-8765-4079-A8A9-B0EC6DB146D8}.Debug|Any CPU.ActiveCfg = Debug|Any CPU
		{0BA741D8-8765-4079-A8A9-B0EC6DB146D8}.Debug|Any CPU.Build.0 = Debug|Any CPU
		{0BA741D8-8765-4079-A8A9-B0EC6DB146D8}.Release|Any CPU.ActiveCfg = Release|Any CPU
		{0BA741D8-8765-4079-A8A9-B0EC6DB146D8}.Release|Any CPU.Build.0 = Release|Any CPU
		{36B655B3-14FA-481F-AA41-77D5779F9BE3}.Debug|Any CPU.ActiveCfg = Debug|Any CPU
		{36B655B3-14FA-481F-AA41-77D5779F9BE3}.Debug|Any CPU.Build.0 = Debug|Any CPU
		{36B655B3-14FA-481F-AA41-77D5779F9BE3}.Release|Any CPU.ActiveCfg = Release|Any CPU
		{36B655B3-14FA-481F-AA41-77D5779F9BE3}.Release|Any CPU.Build.0 = Release|Any CPU
		{380BBF61-AA27-44E9-BDFC-FA544CE1C59F}.Debug|Any CPU.ActiveCfg = Debug|Any CPU
		{380BBF61-AA27-44E9-BDFC-FA544CE1C59F}.Debug|Any CPU.Build.0 = Debug|Any CPU
		{380BBF61-AA27-44E9-BDFC-FA544CE1C59F}.Release|Any CPU.ActiveCfg = Release|Any CPU
		{380BBF61-AA27-44E9-BDFC-FA544CE1C59F}.Release|Any CPU.Build.0 = Release|Any CPU
		{E5A29788-B68B-4450-8301-AB1AB0DBB5E4}.Debug|Any CPU.ActiveCfg = Debug|Any CPU
		{E5A29788-B68B-4450-8301-AB1AB0DBB5E4}.Debug|Any CPU.Build.0 = Debug|Any CPU
		{E5A29788-B68B-4450-8301-AB1AB0DBB5E4}.Release|Any CPU.ActiveCfg = Release|Any CPU
		{E5A29788-B68B-4450-8301-AB1AB0DBB5E4}.Release|Any CPU.Build.0 = Release|Any CPU
		{3B3EAA98-09CD-416E-A12C-3B71DAD66A75}.Debug|Any CPU.ActiveCfg = Debug|Any CPU
		{3B3EAA98-09CD-416E-A12C-3B71DAD66A75}.Debug|Any CPU.Build.0 = Debug|Any CPU
		{3B3EAA98-09CD-416E-A12C-3B71DAD66A75}.Release|Any CPU.ActiveCfg = Release|Any CPU
		{3B3EAA98-09CD-416E-A12C-3B71DAD66A75}.Release|Any CPU.Build.0 = Release|Any CPU
		{09471DF1-5A91-489B-8E8A-5F1121E02F88}.Debug|Any CPU.ActiveCfg = Debug|Any CPU
		{09471DF1-5A91-489B-8E8A-5F1121E02F88}.Debug|Any CPU.Build.0 = Debug|Any CPU
		{09471DF1-5A91-489B-8E8A-5F1121E02F88}.Release|Any CPU.ActiveCfg = Release|Any CPU
		{09471DF1-5A91-489B-8E8A-5F1121E02F88}.Release|Any CPU.Build.0 = Release|Any CPU
		{F8D9D1C8-0220-4382-AC47-33F024DC988B}.Debug|Any CPU.ActiveCfg = Debug|Any CPU
		{F8D9D1C8-0220-4382-AC47-33F024DC988B}.Debug|Any CPU.Build.0 = Debug|Any CPU
		{F8D9D1C8-0220-4382-AC47-33F024DC988B}.Release|Any CPU.ActiveCfg = Release|Any CPU
		{F8D9D1C8-0220-4382-AC47-33F024DC988B}.Release|Any CPU.Build.0 = Release|Any CPU
		{68E6B859-4124-4419-AFA0-1EB73B149F0B}.Debug|Any CPU.ActiveCfg = Debug|Any CPU
		{68E6B859-4124-4419-AFA0-1EB73B149F0B}.Debug|Any CPU.Build.0 = Debug|Any CPU
		{68E6B859-4124-4419-AFA0-1EB73B149F0B}.Release|Any CPU.ActiveCfg = Release|Any CPU
		{68E6B859-4124-4419-AFA0-1EB73B149F0B}.Release|Any CPU.Build.0 = Release|Any CPU
		{E04EB511-0DBE-428D-ABD4-84A994ACC15F}.Debug|Any CPU.ActiveCfg = Debug|Any CPU
		{E04EB511-0DBE-428D-ABD4-84A994ACC15F}.Debug|Any CPU.Build.0 = Debug|Any CPU
		{E04EB511-0DBE-428D-ABD4-84A994ACC15F}.Release|Any CPU.ActiveCfg = Release|Any CPU
		{E04EB511-0DBE-428D-ABD4-84A994ACC15F}.Release|Any CPU.Build.0 = Release|Any CPU
		{035E41F8-1EE6-46E9-9EBE-289E9003DA00}.Debug|Any CPU.ActiveCfg = Debug|Any CPU
		{035E41F8-1EE6-46E9-9EBE-289E9003DA00}.Debug|Any CPU.Build.0 = Debug|Any CPU
		{035E41F8-1EE6-46E9-9EBE-289E9003DA00}.Release|Any CPU.ActiveCfg = Release|Any CPU
		{035E41F8-1EE6-46E9-9EBE-289E9003DA00}.Release|Any CPU.Build.0 = Release|Any CPU
		{9CE871C0-00DD-46F7-A5D7-481E80131A25}.Debug|Any CPU.ActiveCfg = Debug|Any CPU
		{9CE871C0-00DD-46F7-A5D7-481E80131A25}.Debug|Any CPU.Build.0 = Debug|Any CPU
		{9CE871C0-00DD-46F7-A5D7-481E80131A25}.Release|Any CPU.ActiveCfg = Release|Any CPU
		{9CE871C0-00DD-46F7-A5D7-481E80131A25}.Release|Any CPU.Build.0 = Release|Any CPU
	EndGlobalSection
	GlobalSection(SolutionProperties) = preSolution
		HideSolutionNode = FALSE
	EndGlobalSection
	GlobalSection(NestedProjects) = preSolution
		{78683BE7-E87B-4C7A-877E-F59667344E68} = {934945D0-F542-4DC9-94E7-27F59949329E}
		{BB85E6BF-7113-4AD9-BC8A-5888B1D3B852} = {934945D0-F542-4DC9-94E7-27F59949329E}
		{0E266740-ADA0-42F8-829D-BEBC57B02DC4} = {228C2466-F9EC-4C0F-A39F-2E41571C0209}
		{3CBA6D6B-2738-4AB1-BE4D-1C6B760D6631} = {228C2466-F9EC-4C0F-A39F-2E41571C0209}
		{479FFC2B-550E-448C-9F8A-70A19EE22F30} = {228C2466-F9EC-4C0F-A39F-2E41571C0209}
		{F51476BD-5EC8-485B-AE0D-91AD0E07A3D2} = {228C2466-F9EC-4C0F-A39F-2E41571C0209}
		{B71F35CD-06E6-47A1-A643-C2A75509F050} = {228C2466-F9EC-4C0F-A39F-2E41571C0209}
		{D6C0DC9C-C2BC-4648-850D-E855F6FEB381} = {228C2466-F9EC-4C0F-A39F-2E41571C0209}
		{6A765C37-3B89-45B0-AEA1-4D8B42D13F8A} = {228C2466-F9EC-4C0F-A39F-2E41571C0209}
		{0A8E22B5-1151-42D6-BC29-22D4430BDDA8} = {228C2466-F9EC-4C0F-A39F-2E41571C0209}
		{0BA741D8-8765-4079-A8A9-B0EC6DB146D8} = {228C2466-F9EC-4C0F-A39F-2E41571C0209}
		{36B655B3-14FA-481F-AA41-77D5779F9BE3} = {6FDF12B8-636E-4707-A8A9-E418BDB1EC28}
		{380BBF61-AA27-44E9-BDFC-FA544CE1C59F} = {6FDF12B8-636E-4707-A8A9-E418BDB1EC28}
		{E5A29788-B68B-4450-8301-AB1AB0DBB5E4} = {6FDF12B8-636E-4707-A8A9-E418BDB1EC28}
		{3B3EAA98-09CD-416E-A12C-3B71DAD66A75} = {6FDF12B8-636E-4707-A8A9-E418BDB1EC28}
		{09471DF1-5A91-489B-8E8A-5F1121E02F88} = {CC304FA9-6862-4341-BF33-827F8DA796A0}
		{F8D9D1C8-0220-4382-AC47-33F024DC988B} = {CC304FA9-6862-4341-BF33-827F8DA796A0}
		{68E6B859-4124-4419-AFA0-1EB73B149F0B} = {228C2466-F9EC-4C0F-A39F-2E41571C0209}
		{E04EB511-0DBE-428D-ABD4-84A994ACC15F} = {228C2466-F9EC-4C0F-A39F-2E41571C0209}
		{035E41F8-1EE6-46E9-9EBE-289E9003DA00} = {6FDF12B8-636E-4707-A8A9-E418BDB1EC28}
		{9CE871C0-00DD-46F7-A5D7-481E80131A25} = {228C2466-F9EC-4C0F-A39F-2E41571C0209}
	EndGlobalSection
EndGlobal
